// !$*UTF8*$!
{
	archiveVersion = 1;
	classes = {
	};
	objectVersion = 46;
	objects = {

/* Begin PBXBuildFile section */
		9758225F1CEDBA9B000CD0B9 /* main.m in Sources */ = {isa = PBXBuildFile; fileRef = 9758225E1CEDBA9B000CD0B9 /* main.m */; };
		975822621CEDBA9B000CD0B9 /* AppDelegate.m in Sources */ = {isa = PBXBuildFile; fileRef = 975822611CEDBA9B000CD0B9 /* AppDelegate.m */; };
		975822651CEDBA9B000CD0B9 /* CountryListViewController.m in Sources */ = {isa = PBXBuildFile; fileRef = 975822641CEDBA9B000CD0B9 /* CountryListViewController.m */; };
		975822681CEDBA9B000CD0B9 /* Main.storyboard in Resources */ = {isa = PBXBuildFile; fileRef = 975822661CEDBA9B000CD0B9 /* Main.storyboard */; };
		9758226A1CEDBA9B000CD0B9 /* Assets.xcassets in Resources */ = {isa = PBXBuildFile; fileRef = 975822691CEDBA9B000CD0B9 /* Assets.xcassets */; };
		9758226D1CEDBA9B000CD0B9 /* LaunchScreen.storyboard in Resources */ = {isa = PBXBuildFile; fileRef = 9758226B1CEDBA9B000CD0B9 /* LaunchScreen.storyboard */; };
		9758229A1CEDEFE1000CD0B9 /* Country.m in Sources */ = {isa = PBXBuildFile; fileRef = 975822991CEDEFE1000CD0B9 /* Country.m */; };
		9758229B1CEDEFE1000CD0B9 /* Country.m in Sources */ = {isa = PBXBuildFile; fileRef = 975822991CEDEFE1000CD0B9 /* Country.m */; };
		9758229E1CEDEFFB000CD0B9 /* CountryTableViewCell.m in Sources */ = {isa = PBXBuildFile; fileRef = 9758229D1CEDEFFB000CD0B9 /* CountryTableViewCell.m */; };
		9758229F1CEDEFFB000CD0B9 /* CountryTableViewCell.m in Sources */ = {isa = PBXBuildFile; fileRef = 9758229D1CEDEFFB000CD0B9 /* CountryTableViewCell.m */; };
		975822A21CEDF011000CD0B9 /* APIController.m in Sources */ = {isa = PBXBuildFile; fileRef = 975822A11CEDF011000CD0B9 /* APIController.m */; };
		975822A31CEDF011000CD0B9 /* APIController.m in Sources */ = {isa = PBXBuildFile; fileRef = 975822A11CEDF011000CD0B9 /* APIController.m */; };
		979693A11CEF5E27008303F0 /* NSLocale+LanguageCodeFinder.m in Sources */ = {isa = PBXBuildFile; fileRef = 979693A01CEF5E27008303F0 /* NSLocale+LanguageCodeFinder.m */; };
		97B1AA9F1CF0A3FB005353C4 /* CountryParsingTests.m in Sources */ = {isa = PBXBuildFile; fileRef = 97B1AA9E1CF0A3FB005353C4 /* CountryParsingTests.m */; };
		97B1AAA41CF0A598005353C4 /* FeedWithThreeValidCountries.json in Resources */ = {isa = PBXBuildFile; fileRef = 97B1AAA31CF0A598005353C4 /* FeedWithThreeValidCountries.json */; };
		97B1AAA81CF0AED6005353C4 /* FeedWithOneValidCountry.json in Resources */ = {isa = PBXBuildFile; fileRef = 97B1AAA71CF0AED6005353C4 /* FeedWithOneValidCountry.json */; };
		97B1AAAB1CF0CF35005353C4 /* CountryDetailViewController.m in Sources */ = {isa = PBXBuildFile; fileRef = 97B1AAAA1CF0CF35005353C4 /* CountryDetailViewController.m */; };
		97B1AAAE1CF0D775005353C4 /* CountryDataProvider.m in Sources */ = {isa = PBXBuildFile; fileRef = 97B1AAAD1CF0D775005353C4 /* CountryDataProvider.m */; };
		97B1AABA1CF12E89005353C4 /* NSObject+Null.m in Sources */ = {isa = PBXBuildFile; fileRef = 97B1AAB91CF12E89005353C4 /* NSObject+Null.m */; };
		97B1AAC31CF1F5D5005353C4 /* CountryListDataProvider.m in Sources */ = {isa = PBXBuildFile; fileRef = 97B1AAC21CF1F5D5005353C4 /* CountryListDataProvider.m */; };
		97B1AAC51CF1FE5D005353C4 /* CountryListDataProviderTests.m in Sources */ = {isa = PBXBuildFile; fileRef = 97B1AAC41CF1FE5D005353C4 /* CountryListDataProviderTests.m */; };
		97C3C5CE1CF2287C000DCC00 /* Localizable.strings in Resources */ = {isa = PBXBuildFile; fileRef = 97C3C5D01CF2287C000DCC00 /* Localizable.strings */; };
		97C3C5D71CF25106000DCC00 /* CountryDataTableViewCell.m in Sources */ = {isa = PBXBuildFile; fileRef = 97C3C5D41CF25106000DCC00 /* CountryDataTableViewCell.m */; };
		97C3C5D81CF25106000DCC00 /* FlagTableViewCell.m in Sources */ = {isa = PBXBuildFile; fileRef = 97C3C5D61CF25106000DCC00 /* FlagTableViewCell.m */; };
		97C3C5DD1CF25121000DCC00 /* ImagesController.m in Sources */ = {isa = PBXBuildFile; fileRef = 97C3C5DA1CF25121000DCC00 /* ImagesController.m */; };
		97C3C5DE1CF25121000DCC00 /* InMemoryCountriesStore.m in Sources */ = {isa = PBXBuildFile; fileRef = 97C3C5DC1CF25121000DCC00 /* InMemoryCountriesStore.m */; };
/* End PBXBuildFile section */

/* Begin PBXContainerItemProxy section */
		975822741CEDBA9B000CD0B9 /* PBXContainerItemProxy */ = {
			isa = PBXContainerItemProxy;
			containerPortal = 975822521CEDBA9A000CD0B9 /* Project object */;
			proxyType = 1;
			remoteGlobalIDString = 975822591CEDBA9A000CD0B9;
			remoteInfo = ViagogoTest;
		};
/* End PBXContainerItemProxy section */

/* Begin PBXFileReference section */
		9758225A1CEDBA9A000CD0B9 /* ViagogoTest.app */ = {isa = PBXFileReference; explicitFileType = wrapper.application; includeInIndex = 0; path = ViagogoTest.app; sourceTree = BUILT_PRODUCTS_DIR; };
		9758225E1CEDBA9B000CD0B9 /* main.m */ = {isa = PBXFileReference; lastKnownFileType = sourcecode.c.objc; path = main.m; sourceTree = "<group>"; };
		975822601CEDBA9B000CD0B9 /* AppDelegate.h */ = {isa = PBXFileReference; lastKnownFileType = sourcecode.c.h; path = AppDelegate.h; sourceTree = "<group>"; };
		975822611CEDBA9B000CD0B9 /* AppDelegate.m */ = {isa = PBXFileReference; lastKnownFileType = sourcecode.c.objc; path = AppDelegate.m; sourceTree = "<group>"; };
		975822631CEDBA9B000CD0B9 /* CountryListViewController.h */ = {isa = PBXFileReference; lastKnownFileType = sourcecode.c.h; path = CountryListViewController.h; sourceTree = "<group>"; };
		975822641CEDBA9B000CD0B9 /* CountryListViewController.m */ = {isa = PBXFileReference; lastKnownFileType = sourcecode.c.objc; path = CountryListViewController.m; sourceTree = "<group>"; };
		975822671CEDBA9B000CD0B9 /* Base */ = {isa = PBXFileReference; lastKnownFileType = file.storyboard; name = Base; path = Base.lproj/Main.storyboard; sourceTree = "<group>"; };
		975822691CEDBA9B000CD0B9 /* Assets.xcassets */ = {isa = PBXFileReference; lastKnownFileType = folder.assetcatalog; path = Assets.xcassets; sourceTree = "<group>"; };
		9758226C1CEDBA9B000CD0B9 /* Base */ = {isa = PBXFileReference; lastKnownFileType = file.storyboard; name = Base; path = Base.lproj/LaunchScreen.storyboard; sourceTree = "<group>"; };
		9758226E1CEDBA9B000CD0B9 /* Info.plist */ = {isa = PBXFileReference; lastKnownFileType = text.plist.xml; path = Info.plist; sourceTree = "<group>"; };
		975822731CEDBA9B000CD0B9 /* ViagogoTestTests.xctest */ = {isa = PBXFileReference; explicitFileType = wrapper.cfbundle; includeInIndex = 0; path = ViagogoTestTests.xctest; sourceTree = BUILT_PRODUCTS_DIR; };
		975822791CEDBA9B000CD0B9 /* Info.plist */ = {isa = PBXFileReference; lastKnownFileType = text.plist.xml; path = Info.plist; sourceTree = "<group>"; };
		9758228B1CEDCDB1000CD0B9 /* es */ = {isa = PBXFileReference; lastKnownFileType = text.plist.strings; name = es; path = es.lproj/Main.strings; sourceTree = "<group>"; };
		9758228C1CEDCDB1000CD0B9 /* es */ = {isa = PBXFileReference; lastKnownFileType = text.plist.strings; name = es; path = es.lproj/LaunchScreen.strings; sourceTree = "<group>"; };
		975822981CEDEFE1000CD0B9 /* Country.h */ = {isa = PBXFileReference; fileEncoding = 4; lastKnownFileType = sourcecode.c.h; name = Country.h; path = ViagogoTest/Country.h; sourceTree = "<group>"; };
		975822991CEDEFE1000CD0B9 /* Country.m */ = {isa = PBXFileReference; fileEncoding = 4; lastKnownFileType = sourcecode.c.objc; name = Country.m; path = ViagogoTest/Country.m; sourceTree = "<group>"; };
		9758229C1CEDEFFB000CD0B9 /* CountryTableViewCell.h */ = {isa = PBXFileReference; fileEncoding = 4; lastKnownFileType = sourcecode.c.h; name = CountryTableViewCell.h; path = ViagogoTest/CountryTableViewCell.h; sourceTree = "<group>"; };
		9758229D1CEDEFFB000CD0B9 /* CountryTableViewCell.m */ = {isa = PBXFileReference; fileEncoding = 4; lastKnownFileType = sourcecode.c.objc; name = CountryTableViewCell.m; path = ViagogoTest/CountryTableViewCell.m; sourceTree = "<group>"; };
		975822A01CEDF011000CD0B9 /* APIController.h */ = {isa = PBXFileReference; fileEncoding = 4; lastKnownFileType = sourcecode.c.h; name = APIController.h; path = ViagogoTest/APIController.h; sourceTree = "<group>"; };
		975822A11CEDF011000CD0B9 /* APIController.m */ = {isa = PBXFileReference; fileEncoding = 4; lastKnownFileType = sourcecode.c.objc; name = APIController.m; path = ViagogoTest/APIController.m; sourceTree = "<group>"; };
		9796939F1CEF5E27008303F0 /* NSLocale+LanguageCodeFinder.h */ = {isa = PBXFileReference; fileEncoding = 4; lastKnownFileType = sourcecode.c.h; path = "NSLocale+LanguageCodeFinder.h"; sourceTree = "<group>"; };
		979693A01CEF5E27008303F0 /* NSLocale+LanguageCodeFinder.m */ = {isa = PBXFileReference; fileEncoding = 4; lastKnownFileType = sourcecode.c.objc; path = "NSLocale+LanguageCodeFinder.m"; sourceTree = "<group>"; };
		97B1AA9E1CF0A3FB005353C4 /* CountryParsingTests.m */ = {isa = PBXFileReference; fileEncoding = 4; lastKnownFileType = sourcecode.c.objc; path = CountryParsingTests.m; sourceTree = "<group>"; };
		97B1AAA31CF0A598005353C4 /* FeedWithThreeValidCountries.json */ = {isa = PBXFileReference; fileEncoding = 4; lastKnownFileType = text.json; path = FeedWithThreeValidCountries.json; sourceTree = "<group>"; };
		97B1AAA51CF0A9DC005353C4 /* APIController_Extension.h */ = {isa = PBXFileReference; fileEncoding = 4; lastKnownFileType = sourcecode.c.h; path = APIController_Extension.h; sourceTree = "<group>"; };
		97B1AAA71CF0AED6005353C4 /* FeedWithOneValidCountry.json */ = {isa = PBXFileReference; fileEncoding = 4; lastKnownFileType = text.json; path = FeedWithOneValidCountry.json; sourceTree = "<group>"; };
		97B1AAA91CF0CF35005353C4 /* CountryDetailViewController.h */ = {isa = PBXFileReference; fileEncoding = 4; lastKnownFileType = sourcecode.c.h; path = CountryDetailViewController.h; sourceTree = "<group>"; };
		97B1AAAA1CF0CF35005353C4 /* CountryDetailViewController.m */ = {isa = PBXFileReference; fileEncoding = 4; lastKnownFileType = sourcecode.c.objc; path = CountryDetailViewController.m; sourceTree = "<group>"; };
		97B1AAAC1CF0D775005353C4 /* CountryDataProvider.h */ = {isa = PBXFileReference; fileEncoding = 4; lastKnownFileType = sourcecode.c.h; name = CountryDataProvider.h; path = ViagogoTest/CountryDataProvider.h; sourceTree = "<group>"; };
		97B1AAAD1CF0D775005353C4 /* CountryDataProvider.m */ = {isa = PBXFileReference; fileEncoding = 4; lastKnownFileType = sourcecode.c.objc; name = CountryDataProvider.m; path = ViagogoTest/CountryDataProvider.m; sourceTree = "<group>"; };
		97B1AAB81CF12E89005353C4 /* NSObject+Null.h */ = {isa = PBXFileReference; fileEncoding = 4; lastKnownFileType = sourcecode.c.h; path = "NSObject+Null.h"; sourceTree = "<group>"; };
		97B1AAB91CF12E89005353C4 /* NSObject+Null.m */ = {isa = PBXFileReference; fileEncoding = 4; lastKnownFileType = sourcecode.c.objc; path = "NSObject+Null.m"; sourceTree = "<group>"; };
		97B1AAC11CF1F5D5005353C4 /* CountryListDataProvider.h */ = {isa = PBXFileReference; fileEncoding = 4; lastKnownFileType = sourcecode.c.h; name = CountryListDataProvider.h; path = ViagogoTest/CountryListDataProvider.h; sourceTree = "<group>"; };
		97B1AAC21CF1F5D5005353C4 /* CountryListDataProvider.m */ = {isa = PBXFileReference; fileEncoding = 4; lastKnownFileType = sourcecode.c.objc; name = CountryListDataProvider.m; path = ViagogoTest/CountryListDataProvider.m; sourceTree = "<group>"; };
		97B1AAC41CF1FE5D005353C4 /* CountryListDataProviderTests.m */ = {isa = PBXFileReference; fileEncoding = 4; lastKnownFileType = sourcecode.c.objc; path = CountryListDataProviderTests.m; sourceTree = "<group>"; };
		97B1AAC61CF20145005353C4 /* CountryListDataProvider_Extension.h */ = {isa = PBXFileReference; fileEncoding = 4; lastKnownFileType = sourcecode.c.h; path = CountryListDataProvider_Extension.h; sourceTree = "<group>"; };
		97C3C5CF1CF2287C000DCC00 /* Base */ = {isa = PBXFileReference; lastKnownFileType = text.plist.strings; name = Base; path = Base.lproj/Localizable.strings; sourceTree = "<group>"; };
		97C3C5D11CF22880000DCC00 /* es */ = {isa = PBXFileReference; lastKnownFileType = text.plist.strings; name = es; path = es.lproj/Localizable.strings; sourceTree = "<group>"; };
		97C3C5D31CF25106000DCC00 /* CountryDataTableViewCell.h */ = {isa = PBXFileReference; fileEncoding = 4; lastKnownFileType = sourcecode.c.h; name = CountryDataTableViewCell.h; path = ViagogoTest/CountryDataTableViewCell.h; sourceTree = "<group>"; };
		97C3C5D41CF25106000DCC00 /* CountryDataTableViewCell.m */ = {isa = PBXFileReference; fileEncoding = 4; lastKnownFileType = sourcecode.c.objc; name = CountryDataTableViewCell.m; path = ViagogoTest/CountryDataTableViewCell.m; sourceTree = "<group>"; };
		97C3C5D51CF25106000DCC00 /* FlagTableViewCell.h */ = {isa = PBXFileReference; fileEncoding = 4; lastKnownFileType = sourcecode.c.h; name = FlagTableViewCell.h; path = ViagogoTest/FlagTableViewCell.h; sourceTree = "<group>"; };
		97C3C5D61CF25106000DCC00 /* FlagTableViewCell.m */ = {isa = PBXFileReference; fileEncoding = 4; lastKnownFileType = sourcecode.c.objc; name = FlagTableViewCell.m; path = ViagogoTest/FlagTableViewCell.m; sourceTree = "<group>"; };
		97C3C5D91CF25121000DCC00 /* ImagesController.h */ = {isa = PBXFileReference; fileEncoding = 4; lastKnownFileType = sourcecode.c.h; name = ImagesController.h; path = ViagogoTest/ImagesController.h; sourceTree = "<group>"; };
		97C3C5DA1CF25121000DCC00 /* ImagesController.m */ = {isa = PBXFileReference; fileEncoding = 4; lastKnownFileType = sourcecode.c.objc; name = ImagesController.m; path = ViagogoTest/ImagesController.m; sourceTree = "<group>"; };
		97C3C5DB1CF25121000DCC00 /* InMemoryCountriesStore.h */ = {isa = PBXFileReference; fileEncoding = 4; lastKnownFileType = sourcecode.c.h; name = InMemoryCountriesStore.h; path = ViagogoTest/InMemoryCountriesStore.h; sourceTree = "<group>"; };
		97C3C5DC1CF25121000DCC00 /* InMemoryCountriesStore.m */ = {isa = PBXFileReference; fileEncoding = 4; lastKnownFileType = sourcecode.c.objc; name = InMemoryCountriesStore.m; path = ViagogoTest/InMemoryCountriesStore.m; sourceTree = "<group>"; };
/* End PBXFileReference section */

/* Begin PBXFrameworksBuildPhase section */
		975822571CEDBA9A000CD0B9 /* Frameworks */ = {
			isa = PBXFrameworksBuildPhase;
			buildActionMask = 2147483647;
			files = (
			);
			runOnlyForDeploymentPostprocessing = 0;
		};
		975822701CEDBA9B000CD0B9 /* Frameworks */ = {
			isa = PBXFrameworksBuildPhase;
			buildActionMask = 2147483647;
			files = (
			);
			runOnlyForDeploymentPostprocessing = 0;
		};
/* End PBXFrameworksBuildPhase section */

/* Begin PBXGroup section */
		975822511CEDBA9A000CD0B9 = {
			isa = PBXGroup;
			children = (
				9758225C1CEDBA9B000CD0B9 /* ViagogoTest */,
				975822761CEDBA9B000CD0B9 /* ViagogoTestTests */,
				9758225B1CEDBA9A000CD0B9 /* Products */,
			);
			sourceTree = "<group>";
		};
		9758225B1CEDBA9A000CD0B9 /* Products */ = {
			isa = PBXGroup;
			children = (
				9758225A1CEDBA9A000CD0B9 /* ViagogoTest.app */,
				975822731CEDBA9B000CD0B9 /* ViagogoTestTests.xctest */,
			);
			name = Products;
			sourceTree = "<group>";
		};
		9758225C1CEDBA9B000CD0B9 /* ViagogoTest */ = {
			isa = PBXGroup;
			children = (
				97C3C5D21CF244D4000DCC00 /* App Delegate */,
				975822891CEDC7D1000CD0B9 /* View Controllers */,
				9758228A1CEDC7DA000CD0B9 /* Custom Cells */,
				975822901CEDCE5C000CD0B9 /* Controllers */,
				975822941CEDD245000CD0B9 /* Models */,
				979693A21CF06CEE008303F0 /* Categories */,
				97B1AAA61CF0A9EA005353C4 /* Extensions */,
				975822661CEDBA9B000CD0B9 /* Main.storyboard */,
				975822691CEDBA9B000CD0B9 /* Assets.xcassets */,
				9758226B1CEDBA9B000CD0B9 /* LaunchScreen.storyboard */,
				9758226E1CEDBA9B000CD0B9 /* Info.plist */,
				97C3C5D01CF2287C000DCC00 /* Localizable.strings */,
				9758225D1CEDBA9B000CD0B9 /* Supporting Files */,
			);
			path = ViagogoTest;
			sourceTree = "<group>";
		};
		9758225D1CEDBA9B000CD0B9 /* Supporting Files */ = {
			isa = PBXGroup;
			children = (
				9758225E1CEDBA9B000CD0B9 /* main.m */,
			);
			name = "Supporting Files";
			sourceTree = "<group>";
		};
		975822761CEDBA9B000CD0B9 /* ViagogoTestTests */ = {
			isa = PBXGroup;
			children = (
				97B1AAC41CF1FE5D005353C4 /* CountryListDataProviderTests.m */,
				97B1AA9E1CF0A3FB005353C4 /* CountryParsingTests.m */,
				975822791CEDBA9B000CD0B9 /* Info.plist */,
				97B1AAA21CF0A598005353C4 /* Resources */,
			);
			path = ViagogoTestTests;
			sourceTree = "<group>";
		};
		975822891CEDC7D1000CD0B9 /* View Controllers */ = {
			isa = PBXGroup;
			children = (
				97B1AAA91CF0CF35005353C4 /* CountryDetailViewController.h */,
				97B1AAAA1CF0CF35005353C4 /* CountryDetailViewController.m */,
				975822631CEDBA9B000CD0B9 /* CountryListViewController.h */,
				975822641CEDBA9B000CD0B9 /* CountryListViewController.m */,
			);
			name = "View Controllers";
			sourceTree = "<group>";
		};
		9758228A1CEDC7DA000CD0B9 /* Custom Cells */ = {
			isa = PBXGroup;
			children = (
				9758229C1CEDEFFB000CD0B9 /* CountryTableViewCell.h */,
				97C3C5D31CF25106000DCC00 /* CountryDataTableViewCell.h */,
				97C3C5D41CF25106000DCC00 /* CountryDataTableViewCell.m */,
				97C3C5D51CF25106000DCC00 /* FlagTableViewCell.h */,
				97C3C5D61CF25106000DCC00 /* FlagTableViewCell.m */,
				9758229D1CEDEFFB000CD0B9 /* CountryTableViewCell.m */,
			);
			name = "Custom Cells";
			path = ..;
			sourceTree = "<group>";
		};
		975822901CEDCE5C000CD0B9 /* Controllers */ = {
			isa = PBXGroup;
			children = (
				975822A01CEDF011000CD0B9 /* APIController.h */,
				975822A11CEDF011000CD0B9 /* APIController.m */,
				97B1AAC11CF1F5D5005353C4 /* CountryListDataProvider.h */,
				97B1AAC21CF1F5D5005353C4 /* CountryListDataProvider.m */,
				97C3C5D91CF25121000DCC00 /* ImagesController.h */,
				97C3C5DA1CF25121000DCC00 /* ImagesController.m */,
				97C3C5DB1CF25121000DCC00 /* InMemoryCountriesStore.h */,
				97C3C5DC1CF25121000DCC00 /* InMemoryCountriesStore.m */,
				97B1AAAC1CF0D775005353C4 /* CountryDataProvider.h */,
				97B1AAAD1CF0D775005353C4 /* CountryDataProvider.m */,
			);
			name = Controllers;
			path = ..;
			sourceTree = "<group>";
		};
		975822941CEDD245000CD0B9 /* Models */ = {
			isa = PBXGroup;
			children = (
				975822981CEDEFE1000CD0B9 /* Country.h */,
				975822991CEDEFE1000CD0B9 /* Country.m */,
			);
			name = Models;
			path = ..;
			sourceTree = "<group>";
		};
		979693A21CF06CEE008303F0 /* Categories */ = {
			isa = PBXGroup;
			children = (
				9796939F1CEF5E27008303F0 /* NSLocale+LanguageCodeFinder.h */,
				979693A01CEF5E27008303F0 /* NSLocale+LanguageCodeFinder.m */,
				97B1AAB81CF12E89005353C4 /* NSObject+Null.h */,
				97B1AAB91CF12E89005353C4 /* NSObject+Null.m */,
			);
			name = Categories;
			sourceTree = "<group>";
		};
		97B1AAA21CF0A598005353C4 /* Resources */ = {
			isa = PBXGroup;
			children = (
				97B1AAA31CF0A598005353C4 /* FeedWithThreeValidCountries.json */,
				97B1AAA71CF0AED6005353C4 /* FeedWithOneValidCountry.json */,
			);
			path = Resources;
			sourceTree = "<group>";
		};
		97B1AAA61CF0A9EA005353C4 /* Extensions */ = {
			isa = PBXGroup;
			children = (
				97B1AAC61CF20145005353C4 /* CountryListDataProvider_Extension.h */,
				97B1AAA51CF0A9DC005353C4 /* APIController_Extension.h */,
			);
			name = Extensions;
			sourceTree = "<group>";
		};
		97C3C5D21CF244D4000DCC00 /* App Delegate */ = {
			isa = PBXGroup;
			children = (
				975822601CEDBA9B000CD0B9 /* AppDelegate.h */,
				975822611CEDBA9B000CD0B9 /* AppDelegate.m */,
			);
			name = "App Delegate";
			sourceTree = "<group>";
		};
/* End PBXGroup section */

/* Begin PBXNativeTarget section */
		975822591CEDBA9A000CD0B9 /* ViagogoTest */ = {
			isa = PBXNativeTarget;
			buildConfigurationList = 9758227C1CEDBA9B000CD0B9 /* Build configuration list for PBXNativeTarget "ViagogoTest" */;
			buildPhases = (
				975822561CEDBA9A000CD0B9 /* Sources */,
				975822571CEDBA9A000CD0B9 /* Frameworks */,
				975822581CEDBA9A000CD0B9 /* Resources */,
			);
			buildRules = (
			);
			dependencies = (
			);
			name = ViagogoTest;
			productName = ViagogoTest;
			productReference = 9758225A1CEDBA9A000CD0B9 /* ViagogoTest.app */;
			productType = "com.apple.product-type.application";
		};
		975822721CEDBA9B000CD0B9 /* ViagogoTestTests */ = {
			isa = PBXNativeTarget;
			buildConfigurationList = 9758227F1CEDBA9B000CD0B9 /* Build configuration list for PBXNativeTarget "ViagogoTestTests" */;
			buildPhases = (
				9758226F1CEDBA9B000CD0B9 /* Sources */,
				975822701CEDBA9B000CD0B9 /* Frameworks */,
				975822711CEDBA9B000CD0B9 /* Resources */,
			);
			buildRules = (
			);
			dependencies = (
				975822751CEDBA9B000CD0B9 /* PBXTargetDependency */,
			);
			name = ViagogoTestTests;
			productName = ViagogoTestTests;
			productReference = 975822731CEDBA9B000CD0B9 /* ViagogoTestTests.xctest */;
			productType = "com.apple.product-type.bundle.unit-test";
		};
/* End PBXNativeTarget section */

/* Begin PBXProject section */
		975822521CEDBA9A000CD0B9 /* Project object */ = {
			isa = PBXProject;
			attributes = {
				LastUpgradeCheck = 0720;
				ORGANIZATIONNAME = "Belén Molina del Campo";
				TargetAttributes = {
					975822591CEDBA9A000CD0B9 = {
						CreatedOnToolsVersion = 7.2.1;
						DevelopmentTeam = HC8LG89AQC;
					};
					975822721CEDBA9B000CD0B9 = {
						CreatedOnToolsVersion = 7.2.1;
						TestTargetID = 975822591CEDBA9A000CD0B9;
					};
				};
			};
			buildConfigurationList = 975822551CEDBA9A000CD0B9 /* Build configuration list for PBXProject "ViagogoTest" */;
			compatibilityVersion = "Xcode 3.2";
			developmentRegion = English;
			hasScannedForEncodings = 0;
			knownRegions = (
				en,
				Base,
				es,
			);
			mainGroup = 975822511CEDBA9A000CD0B9;
			productRefGroup = 9758225B1CEDBA9A000CD0B9 /* Products */;
			projectDirPath = "";
			projectRoot = "";
			targets = (
				975822591CEDBA9A000CD0B9 /* ViagogoTest */,
				975822721CEDBA9B000CD0B9 /* ViagogoTestTests */,
			);
		};
/* End PBXProject section */

/* Begin PBXResourcesBuildPhase section */
		975822581CEDBA9A000CD0B9 /* Resources */ = {
			isa = PBXResourcesBuildPhase;
			buildActionMask = 2147483647;
			files = (
				9758226D1CEDBA9B000CD0B9 /* LaunchScreen.storyboard in Resources */,
				97C3C5CE1CF2287C000DCC00 /* Localizable.strings in Resources */,
				9758226A1CEDBA9B000CD0B9 /* Assets.xcassets in Resources */,
				975822681CEDBA9B000CD0B9 /* Main.storyboard in Resources */,
			);
			runOnlyForDeploymentPostprocessing = 0;
		};
		975822711CEDBA9B000CD0B9 /* Resources */ = {
			isa = PBXResourcesBuildPhase;
			buildActionMask = 2147483647;
			files = (
				97B1AAA81CF0AED6005353C4 /* FeedWithOneValidCountry.json in Resources */,
				97B1AAA41CF0A598005353C4 /* FeedWithThreeValidCountries.json in Resources */,
			);
			runOnlyForDeploymentPostprocessing = 0;
		};
/* End PBXResourcesBuildPhase section */

/* Begin PBXSourcesBuildPhase section */
		975822561CEDBA9A000CD0B9 /* Sources */ = {
			isa = PBXSourcesBuildPhase;
			buildActionMask = 2147483647;
			files = (
				97C3C5D71CF25106000DCC00 /* CountryDataTableViewCell.m in Sources */,
				97C3C5DD1CF25121000DCC00 /* ImagesController.m in Sources */,
				97B1AABA1CF12E89005353C4 /* NSObject+Null.m in Sources */,
				975822651CEDBA9B000CD0B9 /* CountryListViewController.m in Sources */,
				975822621CEDBA9B000CD0B9 /* AppDelegate.m in Sources */,
				97C3C5D81CF25106000DCC00 /* FlagTableViewCell.m in Sources */,
				97B1AAAE1CF0D775005353C4 /* CountryDataProvider.m in Sources */,
				979693A11CEF5E27008303F0 /* NSLocale+LanguageCodeFinder.m in Sources */,
				9758229A1CEDEFE1000CD0B9 /* Country.m in Sources */,
				9758229E1CEDEFFB000CD0B9 /* CountryTableViewCell.m in Sources */,
				975822A21CEDF011000CD0B9 /* APIController.m in Sources */,
				97B1AAAB1CF0CF35005353C4 /* CountryDetailViewController.m in Sources */,
				97B1AAC31CF1F5D5005353C4 /* CountryListDataProvider.m in Sources */,
				9758225F1CEDBA9B000CD0B9 /* main.m in Sources */,
				97C3C5DE1CF25121000DCC00 /* InMemoryCountriesStore.m in Sources */,
			);
			runOnlyForDeploymentPostprocessing = 0;
		};
		9758226F1CEDBA9B000CD0B9 /* Sources */ = {
			isa = PBXSourcesBuildPhase;
			buildActionMask = 2147483647;
			files = (
				975822A31CEDF011000CD0B9 /* APIController.m in Sources */,
				97B1AAC51CF1FE5D005353C4 /* CountryListDataProviderTests.m in Sources */,
				97B1AA9F1CF0A3FB005353C4 /* CountryParsingTests.m in Sources */,
				9758229B1CEDEFE1000CD0B9 /* Country.m in Sources */,
				9758229F1CEDEFFB000CD0B9 /* CountryTableViewCell.m in Sources */,
			);
			runOnlyForDeploymentPostprocessing = 0;
		};
/* End PBXSourcesBuildPhase section */

/* Begin PBXTargetDependency section */
		975822751CEDBA9B000CD0B9 /* PBXTargetDependency */ = {
			isa = PBXTargetDependency;
			target = 975822591CEDBA9A000CD0B9 /* ViagogoTest */;
			targetProxy = 975822741CEDBA9B000CD0B9 /* PBXContainerItemProxy */;
		};
/* End PBXTargetDependency section */

/* Begin PBXVariantGroup section */
		975822661CEDBA9B000CD0B9 /* Main.storyboard */ = {
			isa = PBXVariantGroup;
			children = (
				975822671CEDBA9B000CD0B9 /* Base */,
				9758228B1CEDCDB1000CD0B9 /* es */,
			);
			name = Main.storyboard;
			sourceTree = "<group>";
		};
		9758226B1CEDBA9B000CD0B9 /* LaunchScreen.storyboard */ = {
			isa = PBXVariantGroup;
			children = (
				9758226C1CEDBA9B000CD0B9 /* Base */,
				9758228C1CEDCDB1000CD0B9 /* es */,
			);
			name = LaunchScreen.storyboard;
			sourceTree = "<group>";
		};
		97C3C5D01CF2287C000DCC00 /* Localizable.strings */ = {
			isa = PBXVariantGroup;
			children = (
				97C3C5CF1CF2287C000DCC00 /* Base */,
				97C3C5D11CF22880000DCC00 /* es */,
			);
			name = Localizable.strings;
			sourceTree = "<group>";
		};
/* End PBXVariantGroup section */

/* Begin XCBuildConfiguration section */
		9758227A1CEDBA9B000CD0B9 /* Debug */ = {
			isa = XCBuildConfiguration;
			buildSettings = {
				ALWAYS_SEARCH_USER_PATHS = NO;
				CLANG_CXX_LANGUAGE_STANDARD = "gnu++0x";
				CLANG_CXX_LIBRARY = "libc++";
				CLANG_ENABLE_MODULES = YES;
				CLANG_ENABLE_OBJC_ARC = YES;
				CLANG_WARN_BOOL_CONVERSION = YES;
				CLANG_WARN_CONSTANT_CONVERSION = YES;
				CLANG_WARN_DIRECT_OBJC_ISA_USAGE = YES_ERROR;
				CLANG_WARN_EMPTY_BODY = YES;
				CLANG_WARN_ENUM_CONVERSION = YES;
				CLANG_WARN_INT_CONVERSION = YES;
				CLANG_WARN_OBJC_ROOT_CLASS = YES_ERROR;
				CLANG_WARN_UNREACHABLE_CODE = YES;
				CLANG_WARN__DUPLICATE_METHOD_MATCH = YES;
				"CODE_SIGN_IDENTITY[sdk=iphoneos*]" = "iPhone Developer";
				COPY_PHASE_STRIP = NO;
				DEBUG_INFORMATION_FORMAT = dwarf;
				ENABLE_STRICT_OBJC_MSGSEND = YES;
				ENABLE_TESTABILITY = YES;
				GCC_C_LANGUAGE_STANDARD = gnu99;
				GCC_DYNAMIC_NO_PIC = NO;
				GCC_NO_COMMON_BLOCKS = YES;
				GCC_OPTIMIZATION_LEVEL = 0;
				GCC_PREPROCESSOR_DEFINITIONS = (
					"DEBUG=1",
					"$(inherited)",
				);
				GCC_WARN_64_TO_32_BIT_CONVERSION = YES;
				GCC_WARN_ABOUT_RETURN_TYPE = YES_ERROR;
				GCC_WARN_UNDECLARED_SELECTOR = YES;
				GCC_WARN_UNINITIALIZED_AUTOS = YES_AGGRESSIVE;
				GCC_WARN_UNUSED_FUNCTION = YES;
				GCC_WARN_UNUSED_VARIABLE = YES;
				IPHONEOS_DEPLOYMENT_TARGET = 7.0;
				MTL_ENABLE_DEBUG_INFO = YES;
				ONLY_ACTIVE_ARCH = YES;
				SDKROOT = iphoneos;
				TARGETED_DEVICE_FAMILY = "1,2";
			};
			name = Debug;
		};
		9758227B1CEDBA9B000CD0B9 /* Release */ = {
			isa = XCBuildConfiguration;
			buildSettings = {
				ALWAYS_SEARCH_USER_PATHS = NO;
				CLANG_CXX_LANGUAGE_STANDARD = "gnu++0x";
				CLANG_CXX_LIBRARY = "libc++";
				CLANG_ENABLE_MODULES = YES;
				CLANG_ENABLE_OBJC_ARC = YES;
				CLANG_WARN_BOOL_CONVERSION = YES;
				CLANG_WARN_CONSTANT_CONVERSION = YES;
				CLANG_WARN_DIRECT_OBJC_ISA_USAGE = YES_ERROR;
				CLANG_WARN_EMPTY_BODY = YES;
				CLANG_WARN_ENUM_CONVERSION = YES;
				CLANG_WARN_INT_CONVERSION = YES;
				CLANG_WARN_OBJC_ROOT_CLASS = YES_ERROR;
				CLANG_WARN_UNREACHABLE_CODE = YES;
				CLANG_WARN__DUPLICATE_METHOD_MATCH = YES;
				"CODE_SIGN_IDENTITY[sdk=iphoneos*]" = "iPhone Developer";
				COPY_PHASE_STRIP = NO;
				DEBUG_INFORMATION_FORMAT = "dwarf-with-dsym";
				ENABLE_NS_ASSERTIONS = NO;
				ENABLE_STRICT_OBJC_MSGSEND = YES;
				GCC_C_LANGUAGE_STANDARD = gnu99;
				GCC_NO_COMMON_BLOCKS = YES;
				GCC_WARN_64_TO_32_BIT_CONVERSION = YES;
				GCC_WARN_ABOUT_RETURN_TYPE = YES_ERROR;
				GCC_WARN_UNDECLARED_SELECTOR = YES;
				GCC_WARN_UNINITIALIZED_AUTOS = YES_AGGRESSIVE;
				GCC_WARN_UNUSED_FUNCTION = YES;
				GCC_WARN_UNUSED_VARIABLE = YES;
				IPHONEOS_DEPLOYMENT_TARGET = 7.0;
				MTL_ENABLE_DEBUG_INFO = NO;
				SDKROOT = iphoneos;
				TARGETED_DEVICE_FAMILY = "1,2";
				VALIDATE_PRODUCT = YES;
			};
			name = Release;
		};
		9758227D1CEDBA9B000CD0B9 /* Debug */ = {
			isa = XCBuildConfiguration;
			buildSettings = {
				ASSETCATALOG_COMPILER_APPICON_NAME = AppIcon;
				CODE_SIGN_IDENTITY = "iPhone Developer";
				INFOPLIST_FILE = ViagogoTest/Info.plist;
				IPHONEOS_DEPLOYMENT_TARGET = 7.0;
				LD_RUNPATH_SEARCH_PATHS = "$(inherited) @executable_path/Frameworks";
				PRODUCT_BUNDLE_IDENTIFIER = com.bmc.ViagogoTest;
				PRODUCT_NAME = "$(TARGET_NAME)";
			};
			name = Debug;
		};
		9758227E1CEDBA9B000CD0B9 /* Release */ = {
			isa = XCBuildConfiguration;
			buildSettings = {
				ASSETCATALOG_COMPILER_APPICON_NAME = AppIcon;
				CODE_SIGN_IDENTITY = "iPhone Developer";
				INFOPLIST_FILE = ViagogoTest/Info.plist;
				IPHONEOS_DEPLOYMENT_TARGET = 7.0;
				LD_RUNPATH_SEARCH_PATHS = "$(inherited) @executable_path/Frameworks";
				PRODUCT_BUNDLE_IDENTIFIER = com.bmc.ViagogoTest;
				PRODUCT_NAME = "$(TARGET_NAME)";
			};
			name = Release;
		};
		975822801CEDBA9B000CD0B9 /* Debug */ = {
			isa = XCBuildConfiguration;
			buildSettings = {
				BUNDLE_LOADER = "$(TEST_HOST)";
				INFOPLIST_FILE = ViagogoTestTests/Info.plist;
				LD_RUNPATH_SEARCH_PATHS = "$(inherited) @executable_path/Frameworks @loader_path/Frameworks";
				PRODUCT_BUNDLE_IDENTIFIER = com.bmc.ViagogoTestTests;
				PRODUCT_NAME = "$(TARGET_NAME)";
				TEST_HOST = "$(BUILT_PRODUCTS_DIR)/ViagogoTest.app/ViagogoTest";
			};
			name = Debug;
		};
		975822811CEDBA9B000CD0B9 /* Release */ = {
			isa = XCBuildConfiguration;
			buildSettings = {
				BUNDLE_LOADER = "$(TEST_HOST)";
				INFOPLIST_FILE = ViagogoTestTests/Info.plist;
				LD_RUNPATH_SEARCH_PATHS = "$(inherited) @executable_path/Frameworks @loader_path/Frameworks";
				PRODUCT_BUNDLE_IDENTIFIER = com.bmc.ViagogoTestTests;
				PRODUCT_NAME = "$(TARGET_NAME)";
				TEST_HOST = "$(BUILT_PRODUCTS_DIR)/ViagogoTest.app/ViagogoTest";
			};
			name = Release;
		};
/* End XCBuildConfiguration section */

/* Begin XCConfigurationList section */
		975822551CEDBA9A000CD0B9 /* Build configuration list for PBXProject "ViagogoTest" */ = {
			isa = XCConfigurationList;
			buildConfigurations = (
				9758227A1CEDBA9B000CD0B9 /* Debug */,
				9758227B1CEDBA9B000CD0B9 /* Release */,
			);
			defaultConfigurationIsVisible = 0;
			defaultConfigurationName = Release;
		};
		9758227C1CEDBA9B000CD0B9 /* Build configuration list for PBXNativeTarget "ViagogoTest" */ = {
			isa = XCConfigurationList;
			buildConfigurations = (
				9758227D1CEDBA9B000CD0B9 /* Debug */,
				9758227E1CEDBA9B000CD0B9 /* Release */,
			);
			defaultConfigurationIsVisible = 0;
			defaultConfigurationName = Release;
		};
		9758227F1CEDBA9B000CD0B9 /* Build configuration list for PBXNativeTarget "ViagogoTestTests" */ = {
			isa = XCConfigurationList;
			buildConfigurations = (
				975822801CEDBA9B000CD0B9 /* Debug */,
				975822811CEDBA9B000CD0B9 /* Release */,
			);
			defaultConfigurationIsVisible = 0;
			defaultConfigurationName = Release;
		};
/* End XCConfigurationList section */
	};
	rootObject = 975822521CEDBA9A000CD0B9 /* Project object */;
}
